
Microsoft Visual Studio Solution File, Format Version 12.00
# Visual Studio 15
VisualStudioVersion = 15.0.28307.329
MinimumVisualStudioVersion = 10.0.40219.1
Project("{FAE04EC0-301F-11D3-BF4B-00C04F79EFBC}") = "GazePianoPrototype", "GazePianoPrototype\GazePianoPrototype.csproj", "{24FAF68A-F8FA-49C3-BBEA-3140B9282C68}"
EndProject
Global
	GlobalSection(SolutionConfigurationPlatforms) = preSolution
		Debug|ARM = Debug|ARM
		Debug|ARM64 = Debug|ARM64
		Debug|x64 = Debug|x64
		Debug|x86 = Debug|x86
		Release|ARM = Release|ARM
		Release|ARM64 = Release|ARM64
		Release|x64 = Release|x64
		Release|x86 = Release|x86
	EndGlobalSection
	GlobalSection(ProjectConfigurationPlatforms) = postSolution
		{24FAF68A-F8FA-49C3-BBEA-3140B9282C68}.Debug|ARM.ActiveCfg = Debug|ARM
		{24FAF68A-F8FA-49C3-BBEA-3140B9282C68}.Debug|ARM.Build.0 = Debug|ARM
		{24FAF68A-F8FA-49C3-BBEA-3140B9282C68}.Debug|ARM.Deploy.0 = Debug|ARM
		{24FAF68A-F8FA-49C3-BBEA-3140B9282C68}.Debug|ARM64.ActiveCfg = Debug|ARM64
		{24FAF68A-F8FA-49C3-BBEA-3140B9282C68}.Debug|ARM64.Build.0 = Debug|ARM64
		{24FAF68A-F8FA-49C3-BBEA-3140B9282C68}.Debug|ARM64.Deploy.0 = Debug|ARM64
		{24FAF68A-F8FA-49C3-BBEA-3140B9282C68}.Debug|x64.ActiveCfg = Debug|x64
		{24FAF68A-F8FA-49C3-BBEA-3140B9282C68}.Debug|x64.Build.0 = Debug|x64
		{24FAF68A-F8FA-49C3-BBEA-3140B9282C68}.Debug|x64.Deploy.0 = Debug|x64
		{24FAF68A-F8FA-49C3-BBEA-3140B9282C68}.Debug|x86.ActiveCfg = Debug|x86
		{24FAF68A-F8FA-49C3-BBEA-3140B9282C68}.Debug|x86.Build.0 = Debug|x86
		{24FAF68A-F8FA-49C3-BBEA-3140B9282C68}.Debug|x86.Deploy.0 = Debug|x86
		{24FAF68A-F8FA-49C3-BBEA-3140B9282C68}.Release|ARM.ActiveCfg = Release|ARM
		{24FAF68A-F8FA-49C3-BBEA-3140B9282C68}.Release|ARM.Build.0 = Release|ARM
		{24FAF68A-F8FA-49C3-BBEA-3140B9282C68}.Release|ARM.Deploy.0 = Release|ARM
		{24FAF68A-F8FA-49C3-BBEA-3140B9282C68}.Release|ARM64.ActiveCfg = Release|ARM64
		{24FAF68A-F8FA-49C3-BBEA-3140B9282C68}.Release|ARM64.Build.0 = Release|ARM64
		{24FAF68A-F8FA-49C3-BBEA-3140B9282C68}.Release|ARM64.Deploy.0 = Release|ARM64
		{24FAF68A-F8FA-49C3-BBEA-3140B9282C68}.Release|x64.ActiveCfg = Release|x64
		{24FAF68A-F8FA-49C3-BBEA-3140B9282C68}.Release|x64.Build.0 = Release|x64
		{24FAF68A-F8FA-49C3-BBEA-3140B9282C68}.Release|x64.Deploy.0 = Release|x64
		{24FAF68A-F8FA-49C3-BBEA-3140B9282C68}.Release|x86.ActiveCfg = Release|x86
		{24FAF68A-F8FA-49C3-BBEA-3140B9282C68}.Release|x86.Build.0 = Release|x86
		{24FAF68A-F8FA-49C3-BBEA-3140B9282C68}.Release|x86.Deploy.0 = Release|x86
	EndGlobalSection
	GlobalSection(SolutionProperties) = preSolution
		HideSolutionNode = FALSE
	EndGlobalSection
	GlobalSection(ExtensibilityGlobals) = postSolution
		SolutionGuid = {EDFF4EB6-AED4-414A-8ADE-347203CFDF1C}
	EndGlobalSection
EndGlobal
